{
  "object": {
    "pins": [
      {
        "package": "Commands",
        "repositoryURL": "https://github.com/q231950/commands.git",
        "state": {
          "branch": null,
          "revision": "a6b0749e586d949c92e95f9c5917c41c355042d1",
          "version": "0.0.3"
        }
      }
    ]
  },
  "version": 1
}
