// !$*UTF8*$!
{
	archiveVersion = 1;
	classes = {
	};
	objectVersion = 46;
	objects = {

/* Begin PBXAggregateTarget section */
		"Calabash Launcher Core::Calabash Launcher CorePackageTests::ProductTarget" /* Calabash Launcher CorePackageTests */ = {
			isa = PBXAggregateTarget;
			buildConfigurationList = OBJ_78 /* Build configuration list for PBXAggregateTarget "Calabash Launcher CorePackageTests" */;
			buildPhases = (
			);
			dependencies = (
				OBJ_81 /* PBXTargetDependency */,
			);
			name = "Calabash Launcher CorePackageTests";
			productName = "Calabash Launcher CorePackageTests";
		};
/* End PBXAggregateTarget section */

/* Begin PBXBuildFile section */
		OBJ_31 /* Package.swift in Sources */ = {isa = PBXBuildFile; fileRef = OBJ_6 /* Package.swift */; };
		OBJ_37 /* Package.swift in Sources */ = {isa = PBXBuildFile; fileRef = OBJ_20 /* Package.swift */; };
		OBJ_43 /* Calabash_Launcher_CoreTests.swift in Sources */ = {isa = PBXBuildFile; fileRef = OBJ_12 /* Calabash_Launcher_CoreTests.swift */; };
		OBJ_45 /* Calabash_Launcher_Core.framework in Frameworks */ = {isa = PBXBuildFile; fileRef = "Calabash Launcher Core::Calabash Launcher Core::Product" /* Calabash_Launcher_Core.framework */; };
		OBJ_46 /* CommandsCore.framework in Frameworks */ = {isa = PBXBuildFile; fileRef = "Commands::CommandsCore::Product" /* CommandsCore.framework */; };
		OBJ_57 /* Calabash_Launcher_Core.swift in Sources */ = {isa = PBXBuildFile; fileRef = OBJ_9 /* Calabash_Launcher_Core.swift */; };
		OBJ_59 /* CommandsCore.framework in Frameworks */ = {isa = PBXBuildFile; fileRef = "Commands::CommandsCore::Product" /* CommandsCore.framework */; };
		OBJ_66 /* main.swift in Sources */ = {isa = PBXBuildFile; fileRef = OBJ_19 /* main.swift */; };
		OBJ_68 /* CommandsCore.framework in Frameworks */ = {isa = PBXBuildFile; fileRef = "Commands::CommandsCore::Product" /* CommandsCore.framework */; };
		OBJ_74 /* CommandExecutor.swift in Sources */ = {isa = PBXBuildFile; fileRef = OBJ_16 /* CommandExecutor.swift */; };
		OBJ_75 /* Commands.swift in Sources */ = {isa = PBXBuildFile; fileRef = OBJ_17 /* Commands.swift */; };
/* End PBXBuildFile section */

/* Begin PBXContainerItemProxy section */
		ED13E4FD1F94B4AF005B066B /* PBXContainerItemProxy */ = {
			isa = PBXContainerItemProxy;
			containerPortal = OBJ_1 /* Project object */;
			proxyType = 1;
			remoteGlobalIDString = "Commands::Commands";
			remoteInfo = Commands;
		};
		ED13E4FE1F94B4AF005B066B /* PBXContainerItemProxy */ = {
			isa = PBXContainerItemProxy;
			containerPortal = OBJ_1 /* Project object */;
			proxyType = 1;
			remoteGlobalIDString = "Commands::CommandsCore";
			remoteInfo = CommandsCore;
		};
		ED13E4FF1F94B4AF005B066B /* PBXContainerItemProxy */ = {
			isa = PBXContainerItemProxy;
			containerPortal = OBJ_1 /* Project object */;
			proxyType = 1;
			remoteGlobalIDString = "Commands::CommandsCore";
			remoteInfo = CommandsCore;
		};
		ED13E5001F94B4AF005B066B /* PBXContainerItemProxy */ = {
			isa = PBXContainerItemProxy;
			containerPortal = OBJ_1 /* Project object */;
			proxyType = 1;
			remoteGlobalIDString = "Calabash Launcher Core::Calabash Launcher Core";
			remoteInfo = "Calabash Launcher Core";
		};
		ED13E5011F94B4AF005B066B /* PBXContainerItemProxy */ = {
			isa = PBXContainerItemProxy;
			containerPortal = OBJ_1 /* Project object */;
			proxyType = 1;
			remoteGlobalIDString = "Commands::Commands";
			remoteInfo = Commands;
		};
		ED13E5021F94B4AF005B066B /* PBXContainerItemProxy */ = {
			isa = PBXContainerItemProxy;
			containerPortal = OBJ_1 /* Project object */;
			proxyType = 1;
			remoteGlobalIDString = "Commands::CommandsCore";
			remoteInfo = CommandsCore;
		};
		ED13E5031F94B4AF005B066B /* PBXContainerItemProxy */ = {
			isa = PBXContainerItemProxy;
			containerPortal = OBJ_1 /* Project object */;
			proxyType = 1;
			remoteGlobalIDString = "Calabash Launcher Core::Calabash Launcher CoreTests";
			remoteInfo = "Calabash Launcher CoreTests";
		};
/* End PBXContainerItemProxy section */

/* Begin PBXFileReference section */
		"Calabash Launcher Core::Calabash Launcher Core::Product" /* Calabash_Launcher_Core.framework */ = {isa = PBXFileReference; lastKnownFileType = wrapper.framework; path = Calabash_Launcher_Core.framework; sourceTree = BUILT_PRODUCTS_DIR; };
		"Calabash Launcher Core::Calabash Launcher CoreTests::Product" /* Calabash_Launcher_CoreTests.xctest */ = {isa = PBXFileReference; lastKnownFileType = file; name = Calabash_Launcher_CoreTests.xctest; path = "Calabash Launcher CoreTests.xctest"; sourceTree = BUILT_PRODUCTS_DIR; };
		"Commands::Commands::Product" /* Commands */ = {isa = PBXFileReference; lastKnownFileType = text; path = Commands; sourceTree = BUILT_PRODUCTS_DIR; };
		"Commands::CommandsCore::Product" /* CommandsCore.framework */ = {isa = PBXFileReference; explicitFileType = wrapper.framework; path = CommandsCore.framework; sourceTree = BUILT_PRODUCTS_DIR; };
		OBJ_12 /* Calabash_Launcher_CoreTests.swift */ = {isa = PBXFileReference; lastKnownFileType = sourcecode.swift; path = Calabash_Launcher_CoreTests.swift; sourceTree = "<group>"; };
		OBJ_16 /* CommandExecutor.swift */ = {isa = PBXFileReference; lastKnownFileType = sourcecode.swift; path = CommandExecutor.swift; sourceTree = "<group>"; };
		OBJ_17 /* Commands.swift */ = {isa = PBXFileReference; lastKnownFileType = sourcecode.swift; path = Commands.swift; sourceTree = "<group>"; };
		OBJ_19 /* main.swift */ = {isa = PBXFileReference; lastKnownFileType = sourcecode.swift; path = main.swift; sourceTree = "<group>"; };
		OBJ_20 /* Package.swift */ = {isa = PBXFileReference; explicitFileType = sourcecode.swift; name = Package.swift; path = "/Users/serghei.lungu/launcher_open/calabash-launcher/Calabash Launcher Core/.build/checkouts/commands.git--6791214719467454968/Package.swift"; sourceTree = "<group>"; };
		OBJ_6 /* Package.swift */ = {isa = PBXFileReference; explicitFileType = sourcecode.swift; path = Package.swift; sourceTree = "<group>"; };
		OBJ_9 /* Calabash_Launcher_Core.swift */ = {isa = PBXFileReference; lastKnownFileType = sourcecode.swift; path = Calabash_Launcher_Core.swift; sourceTree = "<group>"; };
/* End PBXFileReference section */

/* Begin PBXFrameworksBuildPhase section */
		OBJ_44 /* Frameworks */ = {
			isa = PBXFrameworksBuildPhase;
			buildActionMask = 0;
			files = (
				OBJ_45 /* Calabash_Launcher_Core.framework in Frameworks */,
				OBJ_46 /* CommandsCore.framework in Frameworks */,
			);
			runOnlyForDeploymentPostprocessing = 0;
		};
		OBJ_58 /* Frameworks */ = {
			isa = PBXFrameworksBuildPhase;
			buildActionMask = 0;
			files = (
				OBJ_59 /* CommandsCore.framework in Frameworks */,
			);
			runOnlyForDeploymentPostprocessing = 0;
		};
		OBJ_67 /* Frameworks */ = {
			isa = PBXFrameworksBuildPhase;
			buildActionMask = 0;
			files = (
				OBJ_68 /* CommandsCore.framework in Frameworks */,
			);
			runOnlyForDeploymentPostprocessing = 0;
		};
		OBJ_76 /* Frameworks */ = {
			isa = PBXFrameworksBuildPhase;
			buildActionMask = 0;
			files = (
			);
			runOnlyForDeploymentPostprocessing = 0;
		};
/* End PBXFrameworksBuildPhase section */

/* Begin PBXGroup section */
		OBJ_10 /* Tests */ = {
			isa = PBXGroup;
			children = (
				OBJ_11 /* Calabash Launcher CoreTests */,
			);
			name = Tests;
			sourceTree = SOURCE_ROOT;
		};
		OBJ_11 /* Calabash Launcher CoreTests */ = {
			isa = PBXGroup;
			children = (
				OBJ_12 /* Calabash_Launcher_CoreTests.swift */,
			);
			name = "Calabash Launcher CoreTests";
			path = "Tests/Calabash Launcher CoreTests";
			sourceTree = SOURCE_ROOT;
		};
		OBJ_13 /* Dependencies */ = {
			isa = PBXGroup;
			children = (
				OBJ_14 /* Commands 0.0.3 */,
			);
			name = Dependencies;
			sourceTree = "<group>";
		};
		OBJ_14 /* Commands 0.0.3 */ = {
			isa = PBXGroup;
			children = (
				OBJ_15 /* CommandsCore */,
				OBJ_18 /* Commands */,
				OBJ_20 /* Package.swift */,
			);
			name = "Commands 0.0.3";
			sourceTree = SOURCE_ROOT;
		};
		OBJ_15 /* CommandsCore */ = {
			isa = PBXGroup;
			children = (
				OBJ_16 /* CommandExecutor.swift */,
				OBJ_17 /* Commands.swift */,
			);
			name = CommandsCore;
			path = ".build/checkouts/commands.git--6791214719467454968/Sources/CommandsCore";
			sourceTree = SOURCE_ROOT;
		};
		OBJ_18 /* Commands */ = {
			isa = PBXGroup;
			children = (
				OBJ_19 /* main.swift */,
			);
			name = Commands;
			path = ".build/checkouts/commands.git--6791214719467454968/Sources/Commands";
			sourceTree = SOURCE_ROOT;
		};
		OBJ_21 /* Products */ = {
			isa = PBXGroup;
			children = (
				"Calabash Launcher Core::Calabash Launcher CoreTests::Product" /* Calabash_Launcher_CoreTests.xctest */,
				"Calabash Launcher Core::Calabash Launcher Core::Product" /* Calabash_Launcher_Core.framework */,
				"Commands::Commands::Product" /* Commands */,
				"Commands::CommandsCore::Product" /* CommandsCore.framework */,
			);
			name = Products;
			sourceTree = BUILT_PRODUCTS_DIR;
		};
		OBJ_5 /*  */ = {
			isa = PBXGroup;
			children = (
				OBJ_6 /* Package.swift */,
				OBJ_7 /* Sources */,
				OBJ_10 /* Tests */,
				OBJ_13 /* Dependencies */,
				OBJ_21 /* Products */,
			);
			name = "";
			sourceTree = "<group>";
		};
		OBJ_7 /* Sources */ = {
			isa = PBXGroup;
			children = (
				OBJ_8 /* Calabash Launcher Core */,
			);
			name = Sources;
			sourceTree = SOURCE_ROOT;
		};
		OBJ_8 /* Calabash Launcher Core */ = {
			isa = PBXGroup;
			children = (
				OBJ_9 /* Calabash_Launcher_Core.swift */,
			);
			name = "Calabash Launcher Core";
			path = "Sources/Calabash Launcher Core";
			sourceTree = SOURCE_ROOT;
		};
/* End PBXGroup section */

/* Begin PBXNativeTarget section */
		"Calabash Launcher Core::Calabash Launcher Core" /* Calabash Launcher Core */ = {
			isa = PBXNativeTarget;
			buildConfigurationList = OBJ_53 /* Build configuration list for PBXNativeTarget "Calabash Launcher Core" */;
			buildPhases = (
				OBJ_56 /* Sources */,
				OBJ_58 /* Frameworks */,
			);
			buildRules = (
			);
			dependencies = (
				OBJ_60 /* PBXTargetDependency */,
				OBJ_61 /* PBXTargetDependency */,
			);
			name = "Calabash Launcher Core";
			productName = Calabash_Launcher_Core;
			productReference = "Calabash Launcher Core::Calabash Launcher Core::Product" /* Calabash_Launcher_Core.framework */;
			productType = "com.apple.product-type.framework";
		};
		"Calabash Launcher Core::Calabash Launcher CoreTests" /* Calabash Launcher CoreTests */ = {
			isa = PBXNativeTarget;
			buildConfigurationList = OBJ_39 /* Build configuration list for PBXNativeTarget "Calabash Launcher CoreTests" */;
			buildPhases = (
				OBJ_42 /* Sources */,
				OBJ_44 /* Frameworks */,
			);
			buildRules = (
			);
			dependencies = (
				OBJ_47 /* PBXTargetDependency */,
				OBJ_49 /* PBXTargetDependency */,
				OBJ_51 /* PBXTargetDependency */,
			);
			name = "Calabash Launcher CoreTests";
			productName = Calabash_Launcher_CoreTests;
			productReference = "Calabash Launcher Core::Calabash Launcher CoreTests::Product" /* Calabash_Launcher_CoreTests.xctest */;
			productType = "com.apple.product-type.bundle.unit-test";
		};
		"Calabash Launcher Core::SwiftPMPackageDescription" /* Calabash Launcher CorePackageDescription */ = {
			isa = PBXNativeTarget;
			buildConfigurationList = OBJ_27 /* Build configuration list for PBXNativeTarget "Calabash Launcher CorePackageDescription" */;
			buildPhases = (
				OBJ_30 /* Sources */,
			);
			buildRules = (
			);
			dependencies = (
			);
			name = "Calabash Launcher CorePackageDescription";
			productName = "Calabash Launcher CorePackageDescription";
			productType = "com.apple.product-type.framework";
		};
		"Commands::Commands" /* Commands */ = {
			isa = PBXNativeTarget;
			buildConfigurationList = OBJ_62 /* Build configuration list for PBXNativeTarget "Commands" */;
			buildPhases = (
				OBJ_65 /* Sources */,
				OBJ_67 /* Frameworks */,
			);
			buildRules = (
			);
			dependencies = (
				OBJ_69 /* PBXTargetDependency */,
			);
			name = Commands;
			productName = Commands;
			productReference = "Commands::Commands::Product" /* Commands */;
			productType = "com.apple.product-type.tool";
		};
		"Commands::CommandsCore" /* CommandsCore */ = {
			isa = PBXNativeTarget;
			buildConfigurationList = OBJ_70 /* Build configuration list for PBXNativeTarget "CommandsCore" */;
			buildPhases = (
				OBJ_73 /* Sources */,
				OBJ_76 /* Frameworks */,
			);
			buildRules = (
			);
			dependencies = (
			);
			name = CommandsCore;
			productName = CommandsCore;
			productReference = "Commands::CommandsCore::Product" /* CommandsCore.framework */;
			productType = "com.apple.product-type.framework";
		};
		"Commands::SwiftPMPackageDescription" /* CommandsPackageDescription */ = {
			isa = PBXNativeTarget;
			buildConfigurationList = OBJ_33 /* Build configuration list for PBXNativeTarget "CommandsPackageDescription" */;
			buildPhases = (
				OBJ_36 /* Sources */,
			);
			buildRules = (
			);
			dependencies = (
			);
			name = CommandsPackageDescription;
			productName = CommandsPackageDescription;
			productType = "com.apple.product-type.framework";
		};
/* End PBXNativeTarget section */

/* Begin PBXProject section */
		OBJ_1 /* Project object */ = {
			isa = PBXProject;
			attributes = {
				LastUpgradeCheck = 9999;
			};
			buildConfigurationList = OBJ_2 /* Build configuration list for PBXProject "Calabash Launcher Core" */;
			compatibilityVersion = "Xcode 3.2";
			developmentRegion = English;
			hasScannedForEncodings = 0;
			knownRegions = (
				en,
			);
			mainGroup = OBJ_5 /*  */;
			productRefGroup = OBJ_21 /* Products */;
			projectDirPath = "";
			projectRoot = "";
			targets = (
				"Calabash Launcher Core::SwiftPMPackageDescription" /* Calabash Launcher CorePackageDescription */,
				"Commands::SwiftPMPackageDescription" /* CommandsPackageDescription */,
				"Calabash Launcher Core::Calabash Launcher CoreTests" /* Calabash Launcher CoreTests */,
				"Calabash Launcher Core::Calabash Launcher Core" /* Calabash Launcher Core */,
				"Commands::Commands" /* Commands */,
				"Commands::CommandsCore" /* CommandsCore */,
				"Calabash Launcher Core::Calabash Launcher CorePackageTests::ProductTarget" /* Calabash Launcher CorePackageTests */,
			);
		};
/* End PBXProject section */

/* Begin PBXSourcesBuildPhase section */
		OBJ_30 /* Sources */ = {
			isa = PBXSourcesBuildPhase;
			buildActionMask = 0;
			files = (
				OBJ_31 /* Package.swift in Sources */,
			);
			runOnlyForDeploymentPostprocessing = 0;
		};
		OBJ_36 /* Sources */ = {
			isa = PBXSourcesBuildPhase;
			buildActionMask = 0;
			files = (
				OBJ_37 /* Package.swift in Sources */,
			);
			runOnlyForDeploymentPostprocessing = 0;
		};
		OBJ_42 /* Sources */ = {
			isa = PBXSourcesBuildPhase;
			buildActionMask = 0;
			files = (
				OBJ_43 /* Calabash_Launcher_CoreTests.swift in Sources */,
			);
			runOnlyForDeploymentPostprocessing = 0;
		};
		OBJ_56 /* Sources */ = {
			isa = PBXSourcesBuildPhase;
			buildActionMask = 0;
			files = (
				OBJ_57 /* Calabash_Launcher_Core.swift in Sources */,
			);
			runOnlyForDeploymentPostprocessing = 0;
		};
		OBJ_65 /* Sources */ = {
			isa = PBXSourcesBuildPhase;
			buildActionMask = 0;
			files = (
				OBJ_66 /* main.swift in Sources */,
			);
			runOnlyForDeploymentPostprocessing = 0;
		};
		OBJ_73 /* Sources */ = {
			isa = PBXSourcesBuildPhase;
			buildActionMask = 0;
			files = (
				OBJ_74 /* CommandExecutor.swift in Sources */,
				OBJ_75 /* Commands.swift in Sources */,
			);
			runOnlyForDeploymentPostprocessing = 0;
		};
/* End PBXSourcesBuildPhase section */

/* Begin PBXTargetDependency section */
		OBJ_47 /* PBXTargetDependency */ = {
			isa = PBXTargetDependency;
			target = "Calabash Launcher Core::Calabash Launcher Core" /* Calabash Launcher Core */;
			targetProxy = ED13E5001F94B4AF005B066B /* PBXContainerItemProxy */;
		};
		OBJ_49 /* PBXTargetDependency */ = {
			isa = PBXTargetDependency;
			target = "Commands::Commands" /* Commands */;
			targetProxy = ED13E5011F94B4AF005B066B /* PBXContainerItemProxy */;
		};
		OBJ_51 /* PBXTargetDependency */ = {
			isa = PBXTargetDependency;
			target = "Commands::CommandsCore" /* CommandsCore */;
			targetProxy = ED13E5021F94B4AF005B066B /* PBXContainerItemProxy */;
		};
		OBJ_60 /* PBXTargetDependency */ = {
			isa = PBXTargetDependency;
			target = "Commands::Commands" /* Commands */;
			targetProxy = ED13E4FD1F94B4AF005B066B /* PBXContainerItemProxy */;
		};
		OBJ_61 /* PBXTargetDependency */ = {
			isa = PBXTargetDependency;
			target = "Commands::CommandsCore" /* CommandsCore */;
			targetProxy = ED13E4FE1F94B4AF005B066B /* PBXContainerItemProxy */;
		};
		OBJ_69 /* PBXTargetDependency */ = {
			isa = PBXTargetDependency;
			target = "Commands::CommandsCore" /* CommandsCore */;
			targetProxy = ED13E4FF1F94B4AF005B066B /* PBXContainerItemProxy */;
		};
		OBJ_81 /* PBXTargetDependency */ = {
			isa = PBXTargetDependency;
			target = "Calabash Launcher Core::Calabash Launcher CoreTests" /* Calabash Launcher CoreTests */;
			targetProxy = ED13E5031F94B4AF005B066B /* PBXContainerItemProxy */;
		};
/* End PBXTargetDependency section */

/* Begin XCBuildConfiguration section */
		OBJ_28 /* Debug */ = {
			isa = XCBuildConfiguration;
			buildSettings = {
				LD = /usr/bin/true;
				OTHER_SWIFT_FLAGS = "-swift-version 4 -I /Applications/Xcode.app/Contents/Developer/Toolchains/XcodeDefault.xctoolchain/usr/lib/swift/pm/4 -target x86_64-apple-macosx10.10 -sdk /Applications/Xcode.app/Contents/Developer/Platforms/MacOSX.platform/Developer/SDKs/MacOSX10.13.sdk";
				SWIFT_VERSION = 4.0;
			};
			name = Debug;
		};
		OBJ_29 /* Release */ = {
			isa = XCBuildConfiguration;
			buildSettings = {
				LD = /usr/bin/true;
				OTHER_SWIFT_FLAGS = "-swift-version 4 -I /Applications/Xcode.app/Contents/Developer/Toolchains/XcodeDefault.xctoolchain/usr/lib/swift/pm/4 -target x86_64-apple-macosx10.10 -sdk /Applications/Xcode.app/Contents/Developer/Platforms/MacOSX.platform/Developer/SDKs/MacOSX10.13.sdk";
				SWIFT_VERSION = 4.0;
			};
			name = Release;
		};
		OBJ_3 /* Debug */ = {
			isa = XCBuildConfiguration;
			buildSettings = {
				CLANG_ENABLE_OBJC_ARC = YES;
				COMBINE_HIDPI_IMAGES = YES;
				COPY_PHASE_STRIP = NO;
				DEBUG_INFORMATION_FORMAT = dwarf;
				DYLIB_INSTALL_NAME_BASE = "@rpath";
				ENABLE_NS_ASSERTIONS = YES;
				GCC_OPTIMIZATION_LEVEL = 0;
				MACOSX_DEPLOYMENT_TARGET = 10.10;
				ONLY_ACTIVE_ARCH = YES;
				OTHER_SWIFT_FLAGS = "-DXcode";
				PRODUCT_NAME = "$(TARGET_NAME)";
				SDKROOT = macosx;
				SUPPORTED_PLATFORMS = "macosx iphoneos iphonesimulator appletvos appletvsimulator watchos watchsimulator";
				SWIFT_ACTIVE_COMPILATION_CONDITIONS = SWIFT_PACKAGE;
				SWIFT_OPTIMIZATION_LEVEL = "-Onone";
				USE_HEADERMAP = NO;
			};
			name = Debug;
		};
		OBJ_34 /* Debug */ = {
			isa = XCBuildConfiguration;
			buildSettings = {
				LD = /usr/bin/true;
				OTHER_SWIFT_FLAGS = "-swift-version 4 -I /Applications/Xcode.app/Contents/Developer/Toolchains/XcodeDefault.xctoolchain/usr/lib/swift/pm/4 -target x86_64-apple-macosx10.10 -sdk /Applications/Xcode.app/Contents/Developer/Platforms/MacOSX.platform/Developer/SDKs/MacOSX10.13.sdk";
				SWIFT_VERSION = 4.0;
			};
			name = Debug;
		};
		OBJ_35 /* Release */ = {
			isa = XCBuildConfiguration;
			buildSettings = {
				LD = /usr/bin/true;
				OTHER_SWIFT_FLAGS = "-swift-version 4 -I /Applications/Xcode.app/Contents/Developer/Toolchains/XcodeDefault.xctoolchain/usr/lib/swift/pm/4 -target x86_64-apple-macosx10.10 -sdk /Applications/Xcode.app/Contents/Developer/Platforms/MacOSX.platform/Developer/SDKs/MacOSX10.13.sdk";
				SWIFT_VERSION = 4.0;
			};
			name = Release;
		};
		OBJ_4 /* Release */ = {
			isa = XCBuildConfiguration;
			buildSettings = {
				CLANG_ENABLE_OBJC_ARC = YES;
				COMBINE_HIDPI_IMAGES = YES;
				COPY_PHASE_STRIP = YES;
				DEBUG_INFORMATION_FORMAT = "dwarf-with-dsym";
				DYLIB_INSTALL_NAME_BASE = "@rpath";
				GCC_OPTIMIZATION_LEVEL = s;
				MACOSX_DEPLOYMENT_TARGET = 10.10;
				OTHER_SWIFT_FLAGS = "-DXcode";
				PRODUCT_NAME = "$(TARGET_NAME)";
				SDKROOT = macosx;
				SUPPORTED_PLATFORMS = "macosx iphoneos iphonesimulator appletvos appletvsimulator watchos watchsimulator";
				SWIFT_ACTIVE_COMPILATION_CONDITIONS = SWIFT_PACKAGE;
				SWIFT_OPTIMIZATION_LEVEL = "-Owholemodule";
				USE_HEADERMAP = NO;
			};
			name = Release;
		};
		OBJ_40 /* Debug */ = {
			isa = XCBuildConfiguration;
			buildSettings = {
				EMBEDDED_CONTENT_CONTAINS_SWIFT = YES;
				FRAMEWORK_SEARCH_PATHS = (
					"$(inherited)",
					"$(PLATFORM_DIR)/Developer/Library/Frameworks",
				);
				HEADER_SEARCH_PATHS = "$(inherited)";
				INFOPLIST_FILE = "Calabash Launcher Core.xcodeproj/Calabash_Launcher_CoreTests_Info.plist";
				LD_RUNPATH_SEARCH_PATHS = "@loader_path/../Frameworks @loader_path/Frameworks";
				OTHER_LDFLAGS = "$(inherited)";
				OTHER_SWIFT_FLAGS = "$(inherited)";
				SWIFT_VERSION = 4.0;
				TARGET_NAME = "Calabash Launcher CoreTests";
			};
			name = Debug;
		};
		OBJ_41 /* Release */ = {
			isa = XCBuildConfiguration;
			buildSettings = {
				EMBEDDED_CONTENT_CONTAINS_SWIFT = YES;
				FRAMEWORK_SEARCH_PATHS = (
					"$(inherited)",
					"$(PLATFORM_DIR)/Developer/Library/Frameworks",
				);
				HEADER_SEARCH_PATHS = "$(inherited)";
				INFOPLIST_FILE = "Calabash Launcher Core.xcodeproj/Calabash_Launcher_CoreTests_Info.plist";
				LD_RUNPATH_SEARCH_PATHS = "@loader_path/../Frameworks @loader_path/Frameworks";
				OTHER_LDFLAGS = "$(inherited)";
				OTHER_SWIFT_FLAGS = "$(inherited)";
				SWIFT_VERSION = 4.0;
				TARGET_NAME = "Calabash Launcher CoreTests";
			};
			name = Release;
		};
		OBJ_54 /* Debug */ = {
			isa = XCBuildConfiguration;
			buildSettings = {
				ENABLE_TESTABILITY = YES;
				FRAMEWORK_SEARCH_PATHS = (
					"$(inherited)",
					"$(PLATFORM_DIR)/Developer/Library/Frameworks",
				);
				HEADER_SEARCH_PATHS = "$(inherited)";
				INFOPLIST_FILE = "Calabash Launcher Core.xcodeproj/Calabash_Launcher_Core_Info.plist";
				LD_RUNPATH_SEARCH_PATHS = "$(TOOLCHAIN_DIR)/usr/lib/swift/macosx";
				OTHER_LDFLAGS = "$(inherited)";
				OTHER_SWIFT_FLAGS = "$(inherited)";
				PRODUCT_BUNDLE_IDENTIFIER = "Calabash-Launcher-Core";
				PRODUCT_MODULE_NAME = "$(TARGET_NAME:c99extidentifier)";
				PRODUCT_NAME = "$(TARGET_NAME:c99extidentifier)";
				SKIP_INSTALL = YES;
				SWIFT_VERSION = 4.0;
				TARGET_NAME = "Calabash Launcher Core";
			};
			name = Debug;
		};
		OBJ_55 /* Release */ = {
			isa = XCBuildConfiguration;
			buildSettings = {
				ENABLE_TESTABILITY = YES;
				FRAMEWORK_SEARCH_PATHS = (
					"$(inherited)",
					"$(PLATFORM_DIR)/Developer/Library/Frameworks",
				);
				HEADER_SEARCH_PATHS = "$(inherited)";
				INFOPLIST_FILE = "Calabash Launcher Core.xcodeproj/Calabash_Launcher_Core_Info.plist";
				LD_RUNPATH_SEARCH_PATHS = "$(TOOLCHAIN_DIR)/usr/lib/swift/macosx";
				OTHER_LDFLAGS = "$(inherited)";
				OTHER_SWIFT_FLAGS = "$(inherited)";
				PRODUCT_BUNDLE_IDENTIFIER = "Calabash-Launcher-Core";
				PRODUCT_MODULE_NAME = "$(TARGET_NAME:c99extidentifier)";
				PRODUCT_NAME = "$(TARGET_NAME:c99extidentifier)";
				SKIP_INSTALL = YES;
				SWIFT_VERSION = 4.0;
				TARGET_NAME = "Calabash Launcher Core";
			};
			name = Release;
		};
		OBJ_63 /* Debug */ = {
			isa = XCBuildConfiguration;
			buildSettings = {
				FRAMEWORK_SEARCH_PATHS = (
					"$(inherited)",
					"$(PLATFORM_DIR)/Developer/Library/Frameworks",
				);
				HEADER_SEARCH_PATHS = "$(inherited)";
				INFOPLIST_FILE = "Calabash Launcher Core.xcodeproj/Commands_Info.plist";
				LD_RUNPATH_SEARCH_PATHS = "$(TOOLCHAIN_DIR)/usr/lib/swift/macosx @executable_path";
				OTHER_LDFLAGS = "$(inherited)";
				OTHER_SWIFT_FLAGS = "$(inherited)";
				SWIFT_FORCE_DYNAMIC_LINK_STDLIB = YES;
				SWIFT_FORCE_STATIC_LINK_STDLIB = NO;
				SWIFT_VERSION = 4.0;
				TARGET_NAME = Commands;
			};
			name = Debug;
		};
		OBJ_64 /* Release */ = {
			isa = XCBuildConfiguration;
			buildSettings = {
				FRAMEWORK_SEARCH_PATHS = (
					"$(inherited)",
					"$(PLATFORM_DIR)/Developer/Library/Frameworks",
				);
				HEADER_SEARCH_PATHS = "$(inherited)";
				INFOPLIST_FILE = "Calabash Launcher Core.xcodeproj/Commands_Info.plist";
				LD_RUNPATH_SEARCH_PATHS = "$(TOOLCHAIN_DIR)/usr/lib/swift/macosx @executable_path";
				OTHER_LDFLAGS = "$(inherited)";
				OTHER_SWIFT_FLAGS = "$(inherited)";
				SWIFT_FORCE_DYNAMIC_LINK_STDLIB = YES;
				SWIFT_FORCE_STATIC_LINK_STDLIB = NO;
				SWIFT_VERSION = 4.0;
				TARGET_NAME = Commands;
			};
			name = Release;
		};
		OBJ_71 /* Debug */ = {
			isa = XCBuildConfiguration;
			buildSettings = {
				ENABLE_TESTABILITY = YES;
				FRAMEWORK_SEARCH_PATHS = (
					"$(inherited)",
					"$(PLATFORM_DIR)/Developer/Library/Frameworks",
				);
				HEADER_SEARCH_PATHS = "$(inherited)";
				INFOPLIST_FILE = "Calabash Launcher Core.xcodeproj/CommandsCore_Info.plist";
				LD_RUNPATH_SEARCH_PATHS = "$(TOOLCHAIN_DIR)/usr/lib/swift/macosx";
				OTHER_LDFLAGS = "$(inherited)";
				OTHER_SWIFT_FLAGS = "$(inherited)";
				PRODUCT_BUNDLE_IDENTIFIER = CommandsCore;
				PRODUCT_MODULE_NAME = "$(TARGET_NAME:c99extidentifier)";
				PRODUCT_NAME = "$(TARGET_NAME:c99extidentifier)";
				SKIP_INSTALL = YES;
				SWIFT_VERSION = 4.0;
				TARGET_NAME = CommandsCore;
			};
			name = Debug;
		};
		OBJ_72 /* Release */ = {
			isa = XCBuildConfiguration;
			buildSettings = {
				ENABLE_TESTABILITY = YES;
				FRAMEWORK_SEARCH_PATHS = (
					"$(inherited)",
					"$(PLATFORM_DIR)/Developer/Library/Frameworks",
				);
				HEADER_SEARCH_PATHS = "$(inherited)";
				INFOPLIST_FILE = "Calabash Launcher Core.xcodeproj/CommandsCore_Info.plist";
				LD_RUNPATH_SEARCH_PATHS = "$(TOOLCHAIN_DIR)/usr/lib/swift/macosx";
				OTHER_LDFLAGS = "$(inherited)";
				OTHER_SWIFT_FLAGS = "$(inherited)";
				PRODUCT_BUNDLE_IDENTIFIER = CommandsCore;
				PRODUCT_MODULE_NAME = "$(TARGET_NAME:c99extidentifier)";
				PRODUCT_NAME = "$(TARGET_NAME:c99extidentifier)";
				SKIP_INSTALL = YES;
				SWIFT_VERSION = 4.0;
				TARGET_NAME = CommandsCore;
			};
			name = Release;
		};
		OBJ_79 /* Debug */ = {
			isa = XCBuildConfiguration;
			buildSettings = {
			};
			name = Debug;
		};
		OBJ_80 /* Release */ = {
			isa = XCBuildConfiguration;
			buildSettings = {
			};
			name = Release;
		};
/* End XCBuildConfiguration section */

/* Begin XCConfigurationList section */
		OBJ_2 /* Build configuration list for PBXProject "Calabash Launcher Core" */ = {
			isa = XCConfigurationList;
			buildConfigurations = (
				OBJ_3 /* Debug */,
				OBJ_4 /* Release */,
			);
			defaultConfigurationIsVisible = 0;
			defaultConfigurationName = Debug;
		};
		OBJ_27 /* Build configuration list for PBXNativeTarget "Calabash Launcher CorePackageDescription" */ = {
			isa = XCConfigurationList;
			buildConfigurations = (
				OBJ_28 /* Debug */,
				OBJ_29 /* Release */,
			);
			defaultConfigurationIsVisible = 0;
			defaultConfigurationName = Debug;
		};
		OBJ_33 /* Build configuration list for PBXNativeTarget "CommandsPackageDescription" */ = {
			isa = XCConfigurationList;
			buildConfigurations = (
				OBJ_34 /* Debug */,
				OBJ_35 /* Release */,
			);
			defaultConfigurationIsVisible = 0;
			defaultConfigurationName = Debug;
		};
		OBJ_39 /* Build configuration list for PBXNativeTarget "Calabash Launcher CoreTests" */ = {
			isa = XCConfigurationList;
			buildConfigurations = (
				OBJ_40 /* Debug */,
				OBJ_41 /* Release */,
			);
			defaultConfigurationIsVisible = 0;
			defaultConfigurationName = Debug;
		};
		OBJ_53 /* Build configuration list for PBXNativeTarget "Calabash Launcher Core" */ = {
			isa = XCConfigurationList;
			buildConfigurations = (
				OBJ_54 /* Debug */,
				OBJ_55 /* Release */,
			);
			defaultConfigurationIsVisible = 0;
			defaultConfigurationName = Debug;
		};
		OBJ_62 /* Build configuration list for PBXNativeTarget "Commands" */ = {
			isa = XCConfigurationList;
			buildConfigurations = (
				OBJ_63 /* Debug */,
				OBJ_64 /* Release */,
			);
			defaultConfigurationIsVisible = 0;
			defaultConfigurationName = Debug;
		};
		OBJ_70 /* Build configuration list for PBXNativeTarget "CommandsCore" */ = {
			isa = XCConfigurationList;
			buildConfigurations = (
				OBJ_71 /* Debug */,
				OBJ_72 /* Release */,
			);
			defaultConfigurationIsVisible = 0;
			defaultConfigurationName = Debug;
		};
		OBJ_78 /* Build configuration list for PBXAggregateTarget "Calabash Launcher CorePackageTests" */ = {
			isa = XCConfigurationList;
			buildConfigurations = (
				OBJ_79 /* Debug */,
				OBJ_80 /* Release */,
			);
			defaultConfigurationIsVisible = 0;
			defaultConfigurationName = Debug;
		};
/* End XCConfigurationList section */
	};
	rootObject = OBJ_1 /* Project object */;
}
